// !$*UTF8*$!
{
	archiveVersion = 1;
	classes = {
	};
	objectVersion = 50;
	objects = {

/* Begin PBXBuildFile section */
		FE6EF4102163138500289155 /* AppDelegate.m in Sources */ = {isa = PBXBuildFile; fileRef = FE6EF40F2163138500289155 /* AppDelegate.m */; };
		FE6EF4132163138500289155 /* ViewController.m in Sources */ = {isa = PBXBuildFile; fileRef = FE6EF4122163138500289155 /* ViewController.m */; };
		FE6EF4162163138500289155 /* Main.storyboard in Resources */ = {isa = PBXBuildFile; fileRef = FE6EF4142163138500289155 /* Main.storyboard */; };
		FE6EF4182163138800289155 /* Assets.xcassets in Resources */ = {isa = PBXBuildFile; fileRef = FE6EF4172163138800289155 /* Assets.xcassets */; };
		FE6EF41B2163138800289155 /* LaunchScreen.storyboard in Resources */ = {isa = PBXBuildFile; fileRef = FE6EF4192163138800289155 /* LaunchScreen.storyboard */; };
		FE6EF41E2163138800289155 /* main.m in Sources */ = {isa = PBXBuildFile; fileRef = FE6EF41D2163138800289155 /* main.m */; };
		FE6EF4282163138800289155 /* _______Tests.m in Sources */ = {isa = PBXBuildFile; fileRef = FE6EF4272163138800289155 /* _______Tests.m */; };
		FE6EF4332163138800289155 /* _______UITests.m in Sources */ = {isa = PBXBuildFile; fileRef = FE6EF4322163138800289155 /* _______UITests.m */; };
		FE6EF442216321FE00289155 /* Person.m in Sources */ = {isa = PBXBuildFile; fileRef = FE6EF441216321FE00289155 /* Person.m */; };
/* End PBXBuildFile section */

/* Begin PBXContainerItemProxy section */
		FE6EF4242163138800289155 /* PBXContainerItemProxy */ = {
			isa = PBXContainerItemProxy;
			containerPortal = FE6EF4032163138500289155 /* Project object */;
			proxyType = 1;
			remoteGlobalIDString = FE6EF40A2163138500289155;
			remoteInfo = "引用计数-进阶";
		};
		FE6EF42F2163138800289155 /* PBXContainerItemProxy */ = {
			isa = PBXContainerItemProxy;
			containerPortal = FE6EF4032163138500289155 /* Project object */;
			proxyType = 1;
			remoteGlobalIDString = FE6EF40A2163138500289155;
			remoteInfo = "引用计数-进阶";
		};
/* End PBXContainerItemProxy section */

/* Begin PBXFileReference section */
		FE6EF40B2163138500289155 /* 引用计数-进阶.app */ = {isa = PBXFileReference; explicitFileType = wrapper.application; includeInIndex = 0; path = "引用计数-进阶.app"; sourceTree = BUILT_PRODUCTS_DIR; };
		FE6EF40E2163138500289155 /* AppDelegate.h */ = {isa = PBXFileReference; lastKnownFileType = sourcecode.c.h; path = AppDelegate.h; sourceTree = "<group>"; };
		FE6EF40F2163138500289155 /* AppDelegate.m */ = {isa = PBXFileReference; lastKnownFileType = sourcecode.c.objc; path = AppDelegate.m; sourceTree = "<group>"; };
		FE6EF4112163138500289155 /* ViewController.h */ = {isa = PBXFileReference; lastKnownFileType = sourcecode.c.h; path = ViewController.h; sourceTree = "<group>"; };
		FE6EF4122163138500289155 /* ViewController.m */ = {isa = PBXFileReference; lastKnownFileType = sourcecode.c.objc; path = ViewController.m; sourceTree = "<group>"; };
		FE6EF4152163138500289155 /* Base */ = {isa = PBXFileReference; lastKnownFileType = file.storyboard; name = Base; path = Base.lproj/Main.storyboard; sourceTree = "<group>"; };
		FE6EF4172163138800289155 /* Assets.xcassets */ = {isa = PBXFileReference; lastKnownFileType = folder.assetcatalog; path = Assets.xcassets; sourceTree = "<group>"; };
		FE6EF41A2163138800289155 /* Base */ = {isa = PBXFileReference; lastKnownFileType = file.storyboard; name = Base; path = Base.lproj/LaunchScreen.storyboard; sourceTree = "<group>"; };
		FE6EF41C2163138800289155 /* Info.plist */ = {isa = PBXFileReference; lastKnownFileType = text.plist.xml; path = Info.plist; sourceTree = "<group>"; };
		FE6EF41D2163138800289155 /* main.m */ = {isa = PBXFileReference; lastKnownFileType = sourcecode.c.objc; path = main.m; sourceTree = "<group>"; };
		FE6EF4232163138800289155 /* 引用计数-进阶Tests.xctest */ = {isa = PBXFileReference; explicitFileType = wrapper.cfbundle; includeInIndex = 0; path = "引用计数-进阶Tests.xctest"; sourceTree = BUILT_PRODUCTS_DIR; };
		FE6EF4272163138800289155 /* _______Tests.m */ = {isa = PBXFileReference; lastKnownFileType = sourcecode.c.objc; path = "_______Tests.m"; sourceTree = "<group>"; };
		FE6EF4292163138800289155 /* Info.plist */ = {isa = PBXFileReference; lastKnownFileType = text.plist.xml; path = Info.plist; sourceTree = "<group>"; };
		FE6EF42E2163138800289155 /* 引用计数-进阶UITests.xctest */ = {isa = PBXFileReference; explicitFileType = wrapper.cfbundle; includeInIndex = 0; path = "引用计数-进阶UITests.xctest"; sourceTree = BUILT_PRODUCTS_DIR; };
		FE6EF4322163138800289155 /* _______UITests.m */ = {isa = PBXFileReference; lastKnownFileType = sourcecode.c.objc; path = "_______UITests.m"; sourceTree = "<group>"; };
		FE6EF4342163138800289155 /* Info.plist */ = {isa = PBXFileReference; lastKnownFileType = text.plist.xml; path = Info.plist; sourceTree = "<group>"; };
		FE6EF440216321FE00289155 /* Person.h */ = {isa = PBXFileReference; lastKnownFileType = sourcecode.c.h; path = Person.h; sourceTree = "<group>"; };
		FE6EF441216321FE00289155 /* Person.m */ = {isa = PBXFileReference; lastKnownFileType = sourcecode.c.objc; path = Person.m; sourceTree = "<group>"; };
/* End PBXFileReference section */

/* Begin PBXFrameworksBuildPhase section */
		FE6EF4082163138500289155 /* Frameworks */ = {
			isa = PBXFrameworksBuildPhase;
			buildActionMask = 2147483647;
			files = (
			);
			runOnlyForDeploymentPostprocessing = 0;
		};
		FE6EF4202163138800289155 /* Frameworks */ = {
			isa = PBXFrameworksBuildPhase;
			buildActionMask = 2147483647;
			files = (
			);
			runOnlyForDeploymentPostprocessing = 0;
		};
		FE6EF42B2163138800289155 /* Frameworks */ = {
			isa = PBXFrameworksBuildPhase;
			buildActionMask = 2147483647;
			files = (
			);
			runOnlyForDeploymentPostprocessing = 0;
		};
/* End PBXFrameworksBuildPhase section */

/* Begin PBXGroup section */
		FE6EF4022163138500289155 = {
			isa = PBXGroup;
			children = (
				FE6EF40D2163138500289155 /* 引用计数-进阶 */,
				FE6EF4262163138800289155 /* 引用计数-进阶Tests */,
				FE6EF4312163138800289155 /* 引用计数-进阶UITests */,
				FE6EF40C2163138500289155 /* Products */,
			);
			sourceTree = "<group>";
		};
		FE6EF40C2163138500289155 /* Products */ = {
			isa = PBXGroup;
			children = (
				FE6EF40B2163138500289155 /* 引用计数-进阶.app */,
				FE6EF4232163138800289155 /* 引用计数-进阶Tests.xctest */,
				FE6EF42E2163138800289155 /* 引用计数-进阶UITests.xctest */,
			);
			name = Products;
			sourceTree = "<group>";
		};
		FE6EF40D2163138500289155 /* 引用计数-进阶 */ = {
			isa = PBXGroup;
			children = (
				FE6EF40E2163138500289155 /* AppDelegate.h */,
				FE6EF40F2163138500289155 /* AppDelegate.m */,
				FE6EF4112163138500289155 /* ViewController.h */,
				FE6EF4122163138500289155 /* ViewController.m */,
				FE6EF4142163138500289155 /* Main.storyboard */,
				FE6EF4172163138800289155 /* Assets.xcassets */,
				FE6EF4192163138800289155 /* LaunchScreen.storyboard */,
				FE6EF41C2163138800289155 /* Info.plist */,
				FE6EF41D2163138800289155 /* main.m */,
				FE6EF440216321FE00289155 /* Person.h */,
				FE6EF441216321FE00289155 /* Person.m */,
			);
			path = "引用计数-进阶";
			sourceTree = "<group>";
		};
		FE6EF4262163138800289155 /* 引用计数-进阶Tests */ = {
			isa = PBXGroup;
			children = (
				FE6EF4272163138800289155 /* _______Tests.m */,
				FE6EF4292163138800289155 /* Info.plist */,
			);
			path = "引用计数-进阶Tests";
			sourceTree = "<group>";
		};
		FE6EF4312163138800289155 /* 引用计数-进阶UITests */ = {
			isa = PBXGroup;
			children = (
				FE6EF4322163138800289155 /* _______UITests.m */,
				FE6EF4342163138800289155 /* Info.plist */,
			);
			path = "引用计数-进阶UITests";
			sourceTree = "<group>";
		};
/* End PBXGroup section */

/* Begin PBXNativeTarget section */
		FE6EF40A2163138500289155 /* 引用计数-进阶 */ = {
			isa = PBXNativeTarget;
			buildConfigurationList = FE6EF4372163138800289155 /* Build configuration list for PBXNativeTarget "引用计数-进阶" */;
			buildPhases = (
				FE6EF4072163138500289155 /* Sources */,
				FE6EF4082163138500289155 /* Frameworks */,
				FE6EF4092163138500289155 /* Resources */,
			);
			buildRules = (
			);
			dependencies = (
			);
			name = "引用计数-进阶";
			productName = "引用计数-进阶";
			productReference = FE6EF40B2163138500289155 /* 引用计数-进阶.app */;
			productType = "com.apple.product-type.application";
		};
		FE6EF4222163138800289155 /* 引用计数-进阶Tests */ = {
			isa = PBXNativeTarget;
			buildConfigurationList = FE6EF43A2163138800289155 /* Build configuration list for PBXNativeTarget "引用计数-进阶Tests" */;
			buildPhases = (
				FE6EF41F2163138800289155 /* Sources */,
				FE6EF4202163138800289155 /* Frameworks */,
				FE6EF4212163138800289155 /* Resources */,
			);
			buildRules = (
			);
			dependencies = (
				FE6EF4252163138800289155 /* PBXTargetDependency */,
			);
			name = "引用计数-进阶Tests";
			productName = "引用计数-进阶Tests";
			productReference = FE6EF4232163138800289155 /* 引用计数-进阶Tests.xctest */;
			productType = "com.apple.product-type.bundle.unit-test";
		};
		FE6EF42D2163138800289155 /* 引用计数-进阶UITests */ = {
			isa = PBXNativeTarget;
			buildConfigurationList = FE6EF43D2163138800289155 /* Build configuration list for PBXNativeTarget "引用计数-进阶UITests" */;
			buildPhases = (
				FE6EF42A2163138800289155 /* Sources */,
				FE6EF42B2163138800289155 /* Frameworks */,
				FE6EF42C2163138800289155 /* Resources */,
			);
			buildRules = (
			);
			dependencies = (
				FE6EF4302163138800289155 /* PBXTargetDependency */,
			);
			name = "引用计数-进阶UITests";
			productName = "引用计数-进阶UITests";
			productReference = FE6EF42E2163138800289155 /* 引用计数-进阶UITests.xctest */;
			productType = "com.apple.product-type.bundle.ui-testing";
		};
/* End PBXNativeTarget section */

/* Begin PBXProject section */
		FE6EF4032163138500289155 /* Project object */ = {
			isa = PBXProject;
			attributes = {
				LastUpgradeCheck = 0940;
				ORGANIZATIONNAME = "sk-hu";
				TargetAttributes = {
					FE6EF40A2163138500289155 = {
						CreatedOnToolsVersion = 9.4.1;
					};
					FE6EF4222163138800289155 = {
						CreatedOnToolsVersion = 9.4.1;
						TestTargetID = FE6EF40A2163138500289155;
					};
					FE6EF42D2163138800289155 = {
						CreatedOnToolsVersion = 9.4.1;
						TestTargetID = FE6EF40A2163138500289155;
					};
				};
			};
			buildConfigurationList = FE6EF4062163138500289155 /* Build configuration list for PBXProject "引用计数-进阶" */;
			compatibilityVersion = "Xcode 9.3";
			developmentRegion = en;
			hasScannedForEncodings = 0;
			knownRegions = (
				en,
				Base,
			);
			mainGroup = FE6EF4022163138500289155;
			productRefGroup = FE6EF40C2163138500289155 /* Products */;
			projectDirPath = "";
			projectRoot = "";
			targets = (
				FE6EF40A2163138500289155 /* 引用计数-进阶 */,
				FE6EF4222163138800289155 /* 引用计数-进阶Tests */,
				FE6EF42D2163138800289155 /* 引用计数-进阶UITests */,
			);
		};
/* End PBXProject section */

/* Begin PBXResourcesBuildPhase section */
		FE6EF4092163138500289155 /* Resources */ = {
			isa = PBXResourcesBuildPhase;
			buildActionMask = 2147483647;
			files = (
				FE6EF41B2163138800289155 /* LaunchScreen.storyboard in Resources */,
				FE6EF4182163138800289155 /* Assets.xcassets in Resources */,
				FE6EF4162163138500289155 /* Main.storyboard in Resources */,
			);
			runOnlyForDeploymentPostprocessing = 0;
		};
		FE6EF4212163138800289155 /* Resources */ = {
			isa = PBXResourcesBuildPhase;
			buildActionMask = 2147483647;
			files = (
			);
			runOnlyForDeploymentPostprocessing = 0;
		};
		FE6EF42C2163138800289155 /* Resources */ = {
			isa = PBXResourcesBuildPhase;
			buildActionMask = 2147483647;
			files = (
			);
			runOnlyForDeploymentPostprocessing = 0;
		};
/* End PBXResourcesBuildPhase section */

/* Begin PBXSourcesBuildPhase section */
		FE6EF4072163138500289155 /* Sources */ = {
			isa = PBXSourcesBuildPhase;
			buildActionMask = 2147483647;
			files = (
				FE6EF4132163138500289155 /* ViewController.m in Sources */,
				FE6EF41E2163138800289155 /* main.m in Sources */,
				FE6EF442216321FE00289155 /* Person.m in Sources */,
				FE6EF4102163138500289155 /* AppDelegate.m in Sources */,
			);
			runOnlyForDeploymentPostprocessing = 0;
		};
		FE6EF41F2163138800289155 /* Sources */ = {
			isa = PBXSourcesBuildPhase;
			buildActionMask = 2147483647;
			files = (
				FE6EF4282163138800289155 /* _______Tests.m in Sources */,
			);
			runOnlyForDeploymentPostprocessing = 0;
		};
		FE6EF42A2163138800289155 /* Sources */ = {
			isa = PBXSourcesBuildPhase;
			buildActionMask = 2147483647;
			files = (
				FE6EF4332163138800289155 /* _______UITests.m in Sources */,
			);
			runOnlyForDeploymentPostprocessing = 0;
		};
/* End PBXSourcesBuildPhase section */

/* Begin PBXTargetDependency section */
		FE6EF4252163138800289155 /* PBXTargetDependency */ = {
			isa = PBXTargetDependency;
			target = FE6EF40A2163138500289155 /* 引用计数-进阶 */;
			targetProxy = FE6EF4242163138800289155 /* PBXContainerItemProxy */;
		};
		FE6EF4302163138800289155 /* PBXTargetDependency */ = {
			isa = PBXTargetDependency;
			target = FE6EF40A2163138500289155 /* 引用计数-进阶 */;
			targetProxy = FE6EF42F2163138800289155 /* PBXContainerItemProxy */;
		};
/* End PBXTargetDependency section */

/* Begin PBXVariantGroup section */
		FE6EF4142163138500289155 /* Main.storyboard */ = {
			isa = PBXVariantGroup;
			children = (
				FE6EF4152163138500289155 /* Base */,
			);
			name = Main.storyboard;
			sourceTree = "<group>";
		};
		FE6EF4192163138800289155 /* LaunchScreen.storyboard */ = {
			isa = PBXVariantGroup;
			children = (
				FE6EF41A2163138800289155 /* Base */,
			);
			name = LaunchScreen.storyboard;
			sourceTree = "<group>";
		};
/* End PBXVariantGroup section */

/* Begin XCBuildConfiguration section */
		FE6EF4352163138800289155 /* Debug */ = {
			isa = XCBuildConfiguration;
			buildSettings = {
				ALWAYS_SEARCH_USER_PATHS = NO;
				CLANG_ANALYZER_NONNULL = YES;
				CLANG_ANALYZER_NUMBER_OBJECT_CONVERSION = YES_AGGRESSIVE;
				CLANG_CXX_LANGUAGE_STANDARD = "gnu++14";
				CLANG_CXX_LIBRARY = "libc++";
				CLANG_ENABLE_MODULES = YES;
				CLANG_ENABLE_OBJC_ARC = YES;
				CLANG_ENABLE_OBJC_WEAK = YES;
				CLANG_WARN_BLOCK_CAPTURE_AUTORELEASING = YES;
				CLANG_WARN_BOOL_CONVERSION = YES;
				CLANG_WARN_COMMA = YES;
				CLANG_WARN_CONSTANT_CONVERSION = YES;
				CLANG_WARN_DEPRECATED_OBJC_IMPLEMENTATIONS = YES;
				CLANG_WARN_DIRECT_OBJC_ISA_USAGE = YES_ERROR;
				CLANG_WARN_DOCUMENTATION_COMMENTS = YES;
				CLANG_WARN_EMPTY_BODY = YES;
				CLANG_WARN_ENUM_CONVERSION = YES;
				CLANG_WARN_INFINITE_RECURSION = YES;
				CLANG_WARN_INT_CONVERSION = YES;
				CLANG_WARN_NON_LITERAL_NULL_CONVERSION = YES;
				CLANG_WARN_OBJC_IMPLICIT_RETAIN_SELF = YES;
				CLANG_WARN_OBJC_LITERAL_CONVERSION = YES;
				CLANG_WARN_OBJC_ROOT_CLASS = YES_ERROR;
				CLANG_WARN_RANGE_LOOP_ANALYSIS = YES;
				CLANG_WARN_STRICT_PROTOTYPES = YES;
				CLANG_WARN_SUSPICIOUS_MOVE = YES;
				CLANG_WARN_UNGUARDED_AVAILABILITY = YES_AGGRESSIVE;
				CLANG_WARN_UNREACHABLE_CODE = YES;
				CLANG_WARN__DUPLICATE_METHOD_MATCH = YES;
				CODE_SIGN_IDENTITY = "iPhone Developer";
				COPY_PHASE_STRIP = NO;
				DEBUG_INFORMATION_FORMAT = dwarf;
				ENABLE_STRICT_OBJC_MSGSEND = YES;
				ENABLE_TESTABILITY = YES;
				GCC_C_LANGUAGE_STANDARD = gnu11;
				GCC_DYNAMIC_NO_PIC = NO;
				GCC_NO_COMMON_BLOCKS = YES;
				GCC_OPTIMIZATION_LEVEL = 0;
				GCC_PREPROCESSOR_DEFINITIONS = (
					"DEBUG=1",
					"$(inherited)",
				);
				GCC_WARN_64_TO_32_BIT_CONVERSION = YES;
				GCC_WARN_ABOUT_RETURN_TYPE = YES_ERROR;
				GCC_WARN_UNDECLARED_SELECTOR = YES;
				GCC_WARN_UNINITIALIZED_AUTOS = YES_AGGRESSIVE;
				GCC_WARN_UNUSED_FUNCTION = YES;
				GCC_WARN_UNUSED_VARIABLE = YES;
				IPHONEOS_DEPLOYMENT_TARGET = 11.4;
				MTL_ENABLE_DEBUG_INFO = YES;
				ONLY_ACTIVE_ARCH = YES;
				SDKROOT = iphoneos;
			};
			name = Debug;
		};
		FE6EF4362163138800289155 /* Release */ = {
			isa = XCBuildConfiguration;
			buildSettings = {
				ALWAYS_SEARCH_USER_PATHS = NO;
				CLANG_ANALYZER_NONNULL = YES;
				CLANG_ANALYZER_NUMBER_OBJECT_CONVERSION = YES_AGGRESSIVE;
				CLANG_CXX_LANGUAGE_STANDARD = "gnu++14";
				CLANG_CXX_LIBRARY = "libc++";
				CLANG_ENABLE_MODULES = YES;
				CLANG_ENABLE_OBJC_ARC = YES;
				CLANG_ENABLE_OBJC_WEAK = YES;
				CLANG_WARN_BLOCK_CAPTURE_AUTORELEASING = YES;
				CLANG_WARN_BOOL_CONVERSION = YES;
				CLANG_WARN_COMMA = YES;
				CLANG_WARN_CONSTANT_CONVERSION = YES;
				CLANG_WARN_DEPRECATED_OBJC_IMPLEMENTATIONS = YES;
				CLANG_WARN_DIRECT_OBJC_ISA_USAGE = YES_ERROR;
				CLANG_WARN_DOCUMENTATION_COMMENTS = YES;
				CLANG_WARN_EMPTY_BODY = YES;
				CLANG_WARN_ENUM_CONVERSION = YES;
				CLANG_WARN_INFINITE_RECURSION = YES;
				CLANG_WARN_INT_CONVERSION = YES;
				CLANG_WARN_NON_LITERAL_NULL_CONVERSION = YES;
				CLANG_WARN_OBJC_IMPLICIT_RETAIN_SELF = YES;
				CLANG_WARN_OBJC_LITERAL_CONVERSION = YES;
				CLANG_WARN_OBJC_ROOT_CLASS = YES_ERROR;
				CLANG_WARN_RANGE_LOOP_ANALYSIS = YES;
				CLANG_WARN_STRICT_PROTOTYPES = YES;
				CLANG_WARN_SUSPICIOUS_MOVE = YES;
				CLANG_WARN_UNGUARDED_AVAILABILITY = YES_AGGRESSIVE;
				CLANG_WARN_UNREACHABLE_CODE = YES;
				CLANG_WARN__DUPLICATE_METHOD_MATCH = YES;
				CODE_SIGN_IDENTITY = "iPhone Developer";
				COPY_PHASE_STRIP = NO;
				DEBUG_INFORMATION_FORMAT = "dwarf-with-dsym";
				ENABLE_NS_ASSERTIONS = NO;
				ENABLE_STRICT_OBJC_MSGSEND = YES;
				GCC_C_LANGUAGE_STANDARD = gnu11;
				GCC_NO_COMMON_BLOCKS = YES;
				GCC_WARN_64_TO_32_BIT_CONVERSION = YES;
				GCC_WARN_ABOUT_RETURN_TYPE = YES_ERROR;
				GCC_WARN_UNDECLARED_SELECTOR = YES;
				GCC_WARN_UNINITIALIZED_AUTOS = YES_AGGRESSIVE;
				GCC_WARN_UNUSED_FUNCTION = YES;
				GCC_WARN_UNUSED_VARIABLE = YES;
				IPHONEOS_DEPLOYMENT_TARGET = 11.4;
				MTL_ENABLE_DEBUG_INFO = NO;
				SDKROOT = iphoneos;
				VALIDATE_PRODUCT = YES;
			};
			name = Release;
		};
		FE6EF4382163138800289155 /* Debug */ = {
			isa = XCBuildConfiguration;
			buildSettings = {
				ASSETCATALOG_COMPILER_APPICON_NAME = AppIcon;
				CODE_SIGN_STYLE = Automatic;
				INFOPLIST_FILE = "引用计数-进阶/Info.plist";
				LD_RUNPATH_SEARCH_PATHS = (
					"$(inherited)",
					"@executable_path/Frameworks",
				);
				PRODUCT_BUNDLE_IDENTIFIER = "com.achu.CoreAnmotion.-------";
				PRODUCT_NAME = "$(TARGET_NAME)";
				TARGETED_DEVICE_FAMILY = "1,2";
			};
			name = Debug;
		};
		FE6EF4392163138800289155 /* Release */ = {
			isa = XCBuildConfiguration;
			buildSettings = {
				ASSETCATALOG_COMPILER_APPICON_NAME = AppIcon;
				CODE_SIGN_STYLE = Automatic;
				INFOPLIST_FILE = "引用计数-进阶/Info.plist";
				LD_RUNPATH_SEARCH_PATHS = (
					"$(inherited)",
					"@executable_path/Frameworks",
				);
				PRODUCT_BUNDLE_IDENTIFIER = "com.achu.CoreAnmotion.-------";
				PRODUCT_NAME = "$(TARGET_NAME)";
				TARGETED_DEVICE_FAMILY = "1,2";
			};
			name = Release;
		};
		FE6EF43B2163138800289155 /* Debug */ = {
			isa = XCBuildConfiguration;
			buildSettings = {
				BUNDLE_LOADER = "$(TEST_HOST)";
				CODE_SIGN_STYLE = Automatic;
				INFOPLIST_FILE = "引用计数-进阶Tests/Info.plist";
				LD_RUNPATH_SEARCH_PATHS = (
					"$(inherited)",
					"@executable_path/Frameworks",
					"@loader_path/Frameworks",
				);
				PRODUCT_BUNDLE_IDENTIFIER = "com.achu.CoreAnmotion.-------Tests";
				PRODUCT_NAME = "$(TARGET_NAME)";
				TARGETED_DEVICE_FAMILY = "1,2";
				TEST_HOST = "$(BUILT_PRODUCTS_DIR)/引用计数-进阶.app/引用计数-进阶";
			};
			name = Debug;
		};
		FE6EF43C2163138800289155 /* Release */ = {
			isa = XCBuildConfiguration;
			buildSettings = {
				BUNDLE_LOADER = "$(TEST_HOST)";
				CODE_SIGN_STYLE = Automatic;
				INFOPLIST_FILE = "引用计数-进阶Tests/Info.plist";
				LD_RUNPATH_SEARCH_PATHS = (
					"$(inherited)",
					"@executable_path/Frameworks",
					"@loader_path/Frameworks",
				);
				PRODUCT_BUNDLE_IDENTIFIER = "com.achu.CoreAnmotion.-------Tests";
				PRODUCT_NAME = "$(TARGET_NAME)";
				TARGETED_DEVICE_FAMILY = "1,2";
				TEST_HOST = "$(BUILT_PRODUCTS_DIR)/引用计数-进阶.app/引用计数-进阶";
			};
			name = Release;
		};
		FE6EF43E2163138800289155 /* Debug */ = {
			isa = XCBuildConfiguration;
			buildSettings = {
				CODE_SIGN_STYLE = Automatic;
				INFOPLIST_FILE = "引用计数-进阶UITests/Info.plist";
				LD_RUNPATH_SEARCH_PATHS = (
					"$(inherited)",
					"@executable_path/Frameworks",
					"@loader_path/Frameworks",
				);
				PRODUCT_BUNDLE_IDENTIFIER = "com.achu.CoreAnmotion.-------UITests";
				PRODUCT_NAME = "$(TARGET_NAME)";
				TARGETED_DEVICE_FAMILY = "1,2";
				TEST_TARGET_NAME = "引用计数-进阶";
			};
			name = Debug;
		};
		FE6EF43F2163138800289155 /* Release */ = {
			isa = XCBuildConfiguration;
			buildSettings = {
				CODE_SIGN_STYLE = Automatic;
				INFOPLIST_FILE = "引用计数-进阶UITests/Info.plist";
				LD_RUNPATH_SEARCH_PATHS = (
					"$(inherited)",
					"@executable_path/Frameworks",
					"@loader_path/Frameworks",
				);
				PRODUCT_BUNDLE_IDENTIFIER = "com.achu.CoreAnmotion.-------UITests";
				PRODUCT_NAME = "$(TARGET_NAME)";
				TARGETED_DEVICE_FAMILY = "1,2";
				TEST_TARGET_NAME = "引用计数-进阶";
			};
			name = Release;
		};
/* End XCBuildConfiguration section */

/* Begin XCConfigurationList section */
		FE6EF4062163138500289155 /* Build configuration list for PBXProject "引用计数-进阶" */ = {
			isa = XCConfigurationList;
			buildConfigurations = (
				FE6EF4352163138800289155 /* Debug */,
				FE6EF4362163138800289155 /* Release */,
			);
			defaultConfigurationIsVisible = 0;
			defaultConfigurationName = Release;
		};
		FE6EF4372163138800289155 /* Build configuration list for PBXNativeTarget "引用计数-进阶" */ = {
			isa = XCConfigurationList;
			buildConfigurations = (
				FE6EF4382163138800289155 /* Debug */,
				FE6EF4392163138800289155 /* Release */,
			);
			defaultConfigurationIsVisible = 0;
			defaultConfigurationName = Release;
		};
		FE6EF43A2163138800289155 /* Build configuration list for PBXNativeTarget "引用计数-进阶Tests" */ = {
			isa = XCConfigurationList;
			buildConfigurations = (
				FE6EF43B2163138800289155 /* Debug */,
				FE6EF43C2163138800289155 /* Release */,
			);
			defaultConfigurationIsVisible = 0;
			defaultConfigurationName = Release;
		};
		FE6EF43D2163138800289155 /* Build configuration list for PBXNativeTarget "引用计数-进阶UITests" */ = {
			isa = XCConfigurationList;
			buildConfigurations = (
				FE6EF43E2163138800289155 /* Debug */,
				FE6EF43F2163138800289155 /* Release */,
			);
			defaultConfigurationIsVisible = 0;
			defaultConfigurationName = Release;
		};
/* End XCConfigurationList section */
	};
	rootObject = FE6EF4032163138500289155 /* Project object */;
}
