// !$*UTF8*$!
{
	archiveVersion = 1;
	classes = {
	};
	objectVersion = 50;
	objects = {

/* Begin PBXBuildFile section */
		FE14AE1421573E7B00A9E37E /* AppDelegate.m in Sources */ = {isa = PBXBuildFile; fileRef = FE14AE1321573E7B00A9E37E /* AppDelegate.m */; };
		FE14AE1721573E7B00A9E37E /* ViewController.m in Sources */ = {isa = PBXBuildFile; fileRef = FE14AE1621573E7B00A9E37E /* ViewController.m */; };
		FE14AE1A21573E7B00A9E37E /* Main.storyboard in Resources */ = {isa = PBXBuildFile; fileRef = FE14AE1821573E7B00A9E37E /* Main.storyboard */; };
		FE14AE1C21573E7D00A9E37E /* Assets.xcassets in Resources */ = {isa = PBXBuildFile; fileRef = FE14AE1B21573E7D00A9E37E /* Assets.xcassets */; };
		FE14AE1F21573E7D00A9E37E /* LaunchScreen.storyboard in Resources */ = {isa = PBXBuildFile; fileRef = FE14AE1D21573E7D00A9E37E /* LaunchScreen.storyboard */; };
		FE14AE2221573E7D00A9E37E /* main.m in Sources */ = {isa = PBXBuildFile; fileRef = FE14AE2121573E7D00A9E37E /* main.m */; };
		FE14AE2C21573E7E00A9E37E /* RunLoop_source__Tests.m in Sources */ = {isa = PBXBuildFile; fileRef = FE14AE2B21573E7E00A9E37E /* RunLoop_source__Tests.m */; };
		FE14AE3721573E7E00A9E37E /* RunLoop_source__UITests.m in Sources */ = {isa = PBXBuildFile; fileRef = FE14AE3621573E7E00A9E37E /* RunLoop_source__UITests.m */; };
/* End PBXBuildFile section */

/* Begin PBXContainerItemProxy section */
		FE14AE2821573E7E00A9E37E /* PBXContainerItemProxy */ = {
			isa = PBXContainerItemProxy;
			containerPortal = FE14AE0721573E7B00A9E37E /* Project object */;
			proxyType = 1;
			remoteGlobalIDString = FE14AE0E21573E7B00A9E37E;
			remoteInfo = "RunLoop源source操作";
		};
		FE14AE3321573E7E00A9E37E /* PBXContainerItemProxy */ = {
			isa = PBXContainerItemProxy;
			containerPortal = FE14AE0721573E7B00A9E37E /* Project object */;
			proxyType = 1;
			remoteGlobalIDString = FE14AE0E21573E7B00A9E37E;
			remoteInfo = "RunLoop源source操作";
		};
/* End PBXContainerItemProxy section */

/* Begin PBXFileReference section */
		FE14AE0F21573E7B00A9E37E /* RunLoop源source操作.app */ = {isa = PBXFileReference; explicitFileType = wrapper.application; includeInIndex = 0; path = "RunLoop源source操作.app"; sourceTree = BUILT_PRODUCTS_DIR; };
		FE14AE1221573E7B00A9E37E /* AppDelegate.h */ = {isa = PBXFileReference; lastKnownFileType = sourcecode.c.h; path = AppDelegate.h; sourceTree = "<group>"; };
		FE14AE1321573E7B00A9E37E /* AppDelegate.m */ = {isa = PBXFileReference; lastKnownFileType = sourcecode.c.objc; path = AppDelegate.m; sourceTree = "<group>"; };
		FE14AE1521573E7B00A9E37E /* ViewController.h */ = {isa = PBXFileReference; lastKnownFileType = sourcecode.c.h; path = ViewController.h; sourceTree = "<group>"; };
		FE14AE1621573E7B00A9E37E /* ViewController.m */ = {isa = PBXFileReference; lastKnownFileType = sourcecode.c.objc; path = ViewController.m; sourceTree = "<group>"; };
		FE14AE1921573E7B00A9E37E /* Base */ = {isa = PBXFileReference; lastKnownFileType = file.storyboard; name = Base; path = Base.lproj/Main.storyboard; sourceTree = "<group>"; };
		FE14AE1B21573E7D00A9E37E /* Assets.xcassets */ = {isa = PBXFileReference; lastKnownFileType = folder.assetcatalog; path = Assets.xcassets; sourceTree = "<group>"; };
		FE14AE1E21573E7D00A9E37E /* Base */ = {isa = PBXFileReference; lastKnownFileType = file.storyboard; name = Base; path = Base.lproj/LaunchScreen.storyboard; sourceTree = "<group>"; };
		FE14AE2021573E7D00A9E37E /* Info.plist */ = {isa = PBXFileReference; lastKnownFileType = text.plist.xml; path = Info.plist; sourceTree = "<group>"; };
		FE14AE2121573E7D00A9E37E /* main.m */ = {isa = PBXFileReference; lastKnownFileType = sourcecode.c.objc; path = main.m; sourceTree = "<group>"; };
		FE14AE2721573E7E00A9E37E /* RunLoop源source操作Tests.xctest */ = {isa = PBXFileReference; explicitFileType = wrapper.cfbundle; includeInIndex = 0; path = "RunLoop源source操作Tests.xctest"; sourceTree = BUILT_PRODUCTS_DIR; };
		FE14AE2B21573E7E00A9E37E /* RunLoop_source__Tests.m */ = {isa = PBXFileReference; lastKnownFileType = sourcecode.c.objc; path = RunLoop_source__Tests.m; sourceTree = "<group>"; };
		FE14AE2D21573E7E00A9E37E /* Info.plist */ = {isa = PBXFileReference; lastKnownFileType = text.plist.xml; path = Info.plist; sourceTree = "<group>"; };
		FE14AE3221573E7E00A9E37E /* RunLoop源source操作UITests.xctest */ = {isa = PBXFileReference; explicitFileType = wrapper.cfbundle; includeInIndex = 0; path = "RunLoop源source操作UITests.xctest"; sourceTree = BUILT_PRODUCTS_DIR; };
		FE14AE3621573E7E00A9E37E /* RunLoop_source__UITests.m */ = {isa = PBXFileReference; lastKnownFileType = sourcecode.c.objc; path = RunLoop_source__UITests.m; sourceTree = "<group>"; };
		FE14AE3821573E7E00A9E37E /* Info.plist */ = {isa = PBXFileReference; lastKnownFileType = text.plist.xml; path = Info.plist; sourceTree = "<group>"; };
/* End PBXFileReference section */

/* Begin PBXFrameworksBuildPhase section */
		FE14AE0C21573E7B00A9E37E /* Frameworks */ = {
			isa = PBXFrameworksBuildPhase;
			buildActionMask = 2147483647;
			files = (
			);
			runOnlyForDeploymentPostprocessing = 0;
		};
		FE14AE2421573E7E00A9E37E /* Frameworks */ = {
			isa = PBXFrameworksBuildPhase;
			buildActionMask = 2147483647;
			files = (
			);
			runOnlyForDeploymentPostprocessing = 0;
		};
		FE14AE2F21573E7E00A9E37E /* Frameworks */ = {
			isa = PBXFrameworksBuildPhase;
			buildActionMask = 2147483647;
			files = (
			);
			runOnlyForDeploymentPostprocessing = 0;
		};
/* End PBXFrameworksBuildPhase section */

/* Begin PBXGroup section */
		FE14AE0621573E7B00A9E37E = {
			isa = PBXGroup;
			children = (
				FE14AE1121573E7B00A9E37E /* RunLoop源source操作 */,
				FE14AE2A21573E7E00A9E37E /* RunLoop源source操作Tests */,
				FE14AE3521573E7E00A9E37E /* RunLoop源source操作UITests */,
				FE14AE1021573E7B00A9E37E /* Products */,
			);
			sourceTree = "<group>";
		};
		FE14AE1021573E7B00A9E37E /* Products */ = {
			isa = PBXGroup;
			children = (
				FE14AE0F21573E7B00A9E37E /* RunLoop源source操作.app */,
				FE14AE2721573E7E00A9E37E /* RunLoop源source操作Tests.xctest */,
				FE14AE3221573E7E00A9E37E /* RunLoop源source操作UITests.xctest */,
			);
			name = Products;
			sourceTree = "<group>";
		};
		FE14AE1121573E7B00A9E37E /* RunLoop源source操作 */ = {
			isa = PBXGroup;
			children = (
				FE14AE1221573E7B00A9E37E /* AppDelegate.h */,
				FE14AE1321573E7B00A9E37E /* AppDelegate.m */,
				FE14AE1521573E7B00A9E37E /* ViewController.h */,
				FE14AE1621573E7B00A9E37E /* ViewController.m */,
				FE14AE1821573E7B00A9E37E /* Main.storyboard */,
				FE14AE1B21573E7D00A9E37E /* Assets.xcassets */,
				FE14AE1D21573E7D00A9E37E /* LaunchScreen.storyboard */,
				FE14AE2021573E7D00A9E37E /* Info.plist */,
				FE14AE2121573E7D00A9E37E /* main.m */,
			);
			path = "RunLoop源source操作";
			sourceTree = "<group>";
		};
		FE14AE2A21573E7E00A9E37E /* RunLoop源source操作Tests */ = {
			isa = PBXGroup;
			children = (
				FE14AE2B21573E7E00A9E37E /* RunLoop_source__Tests.m */,
				FE14AE2D21573E7E00A9E37E /* Info.plist */,
			);
			path = "RunLoop源source操作Tests";
			sourceTree = "<group>";
		};
		FE14AE3521573E7E00A9E37E /* RunLoop源source操作UITests */ = {
			isa = PBXGroup;
			children = (
				FE14AE3621573E7E00A9E37E /* RunLoop_source__UITests.m */,
				FE14AE3821573E7E00A9E37E /* Info.plist */,
			);
			path = "RunLoop源source操作UITests";
			sourceTree = "<group>";
		};
/* End PBXGroup section */

/* Begin PBXNativeTarget section */
		FE14AE0E21573E7B00A9E37E /* RunLoop源source操作 */ = {
			isa = PBXNativeTarget;
			buildConfigurationList = FE14AE3B21573E7E00A9E37E /* Build configuration list for PBXNativeTarget "RunLoop源source操作" */;
			buildPhases = (
				FE14AE0B21573E7B00A9E37E /* Sources */,
				FE14AE0C21573E7B00A9E37E /* Frameworks */,
				FE14AE0D21573E7B00A9E37E /* Resources */,
			);
			buildRules = (
			);
			dependencies = (
			);
			name = "RunLoop源source操作";
			productName = "RunLoop源source操作";
			productReference = FE14AE0F21573E7B00A9E37E /* RunLoop源source操作.app */;
			productType = "com.apple.product-type.application";
		};
		FE14AE2621573E7E00A9E37E /* RunLoop源source操作Tests */ = {
			isa = PBXNativeTarget;
			buildConfigurationList = FE14AE3E21573E7E00A9E37E /* Build configuration list for PBXNativeTarget "RunLoop源source操作Tests" */;
			buildPhases = (
				FE14AE2321573E7E00A9E37E /* Sources */,
				FE14AE2421573E7E00A9E37E /* Frameworks */,
				FE14AE2521573E7E00A9E37E /* Resources */,
			);
			buildRules = (
			);
			dependencies = (
				FE14AE2921573E7E00A9E37E /* PBXTargetDependency */,
			);
			name = "RunLoop源source操作Tests";
			productName = "RunLoop源source操作Tests";
			productReference = FE14AE2721573E7E00A9E37E /* RunLoop源source操作Tests.xctest */;
			productType = "com.apple.product-type.bundle.unit-test";
		};
		FE14AE3121573E7E00A9E37E /* RunLoop源source操作UITests */ = {
			isa = PBXNativeTarget;
			buildConfigurationList = FE14AE4121573E7E00A9E37E /* Build configuration list for PBXNativeTarget "RunLoop源source操作UITests" */;
			buildPhases = (
				FE14AE2E21573E7E00A9E37E /* Sources */,
				FE14AE2F21573E7E00A9E37E /* Frameworks */,
				FE14AE3021573E7E00A9E37E /* Resources */,
			);
			buildRules = (
			);
			dependencies = (
				FE14AE3421573E7E00A9E37E /* PBXTargetDependency */,
			);
			name = "RunLoop源source操作UITests";
			productName = "RunLoop源source操作UITests";
			productReference = FE14AE3221573E7E00A9E37E /* RunLoop源source操作UITests.xctest */;
			productType = "com.apple.product-type.bundle.ui-testing";
		};
/* End PBXNativeTarget section */

/* Begin PBXProject section */
		FE14AE0721573E7B00A9E37E /* Project object */ = {
			isa = PBXProject;
			attributes = {
				LastUpgradeCheck = 0940;
				ORGANIZATIONNAME = "ac-hu";
				TargetAttributes = {
					FE14AE0E21573E7B00A9E37E = {
						CreatedOnToolsVersion = 9.4.1;
					};
					FE14AE2621573E7E00A9E37E = {
						CreatedOnToolsVersion = 9.4.1;
						TestTargetID = FE14AE0E21573E7B00A9E37E;
					};
					FE14AE3121573E7E00A9E37E = {
						CreatedOnToolsVersion = 9.4.1;
						TestTargetID = FE14AE0E21573E7B00A9E37E;
					};
				};
			};
			buildConfigurationList = FE14AE0A21573E7B00A9E37E /* Build configuration list for PBXProject "RunLoop源source操作" */;
			compatibilityVersion = "Xcode 9.3";
			developmentRegion = en;
			hasScannedForEncodings = 0;
			knownRegions = (
				en,
				Base,
			);
			mainGroup = FE14AE0621573E7B00A9E37E;
			productRefGroup = FE14AE1021573E7B00A9E37E /* Products */;
			projectDirPath = "";
			projectRoot = "";
			targets = (
				FE14AE0E21573E7B00A9E37E /* RunLoop源source操作 */,
				FE14AE2621573E7E00A9E37E /* RunLoop源source操作Tests */,
				FE14AE3121573E7E00A9E37E /* RunLoop源source操作UITests */,
			);
		};
/* End PBXProject section */

/* Begin PBXResourcesBuildPhase section */
		FE14AE0D21573E7B00A9E37E /* Resources */ = {
			isa = PBXResourcesBuildPhase;
			buildActionMask = 2147483647;
			files = (
				FE14AE1F21573E7D00A9E37E /* LaunchScreen.storyboard in Resources */,
				FE14AE1C21573E7D00A9E37E /* Assets.xcassets in Resources */,
				FE14AE1A21573E7B00A9E37E /* Main.storyboard in Resources */,
			);
			runOnlyForDeploymentPostprocessing = 0;
		};
		FE14AE2521573E7E00A9E37E /* Resources */ = {
			isa = PBXResourcesBuildPhase;
			buildActionMask = 2147483647;
			files = (
			);
			runOnlyForDeploymentPostprocessing = 0;
		};
		FE14AE3021573E7E00A9E37E /* Resources */ = {
			isa = PBXResourcesBuildPhase;
			buildActionMask = 2147483647;
			files = (
			);
			runOnlyForDeploymentPostprocessing = 0;
		};
/* End PBXResourcesBuildPhase section */

/* Begin PBXSourcesBuildPhase section */
		FE14AE0B21573E7B00A9E37E /* Sources */ = {
			isa = PBXSourcesBuildPhase;
			buildActionMask = 2147483647;
			files = (
				FE14AE1721573E7B00A9E37E /* ViewController.m in Sources */,
				FE14AE2221573E7D00A9E37E /* main.m in Sources */,
				FE14AE1421573E7B00A9E37E /* AppDelegate.m in Sources */,
			);
			runOnlyForDeploymentPostprocessing = 0;
		};
		FE14AE2321573E7E00A9E37E /* Sources */ = {
			isa = PBXSourcesBuildPhase;
			buildActionMask = 2147483647;
			files = (
				FE14AE2C21573E7E00A9E37E /* RunLoop_source__Tests.m in Sources */,
			);
			runOnlyForDeploymentPostprocessing = 0;
		};
		FE14AE2E21573E7E00A9E37E /* Sources */ = {
			isa = PBXSourcesBuildPhase;
			buildActionMask = 2147483647;
			files = (
				FE14AE3721573E7E00A9E37E /* RunLoop_source__UITests.m in Sources */,
			);
			runOnlyForDeploymentPostprocessing = 0;
		};
/* End PBXSourcesBuildPhase section */

/* Begin PBXTargetDependency section */
		FE14AE2921573E7E00A9E37E /* PBXTargetDependency */ = {
			isa = PBXTargetDependency;
			target = FE14AE0E21573E7B00A9E37E /* RunLoop源source操作 */;
			targetProxy = FE14AE2821573E7E00A9E37E /* PBXContainerItemProxy */;
		};
		FE14AE3421573E7E00A9E37E /* PBXTargetDependency */ = {
			isa = PBXTargetDependency;
			target = FE14AE0E21573E7B00A9E37E /* RunLoop源source操作 */;
			targetProxy = FE14AE3321573E7E00A9E37E /* PBXContainerItemProxy */;
		};
/* End PBXTargetDependency section */

/* Begin PBXVariantGroup section */
		FE14AE1821573E7B00A9E37E /* Main.storyboard */ = {
			isa = PBXVariantGroup;
			children = (
				FE14AE1921573E7B00A9E37E /* Base */,
			);
			name = Main.storyboard;
			sourceTree = "<group>";
		};
		FE14AE1D21573E7D00A9E37E /* LaunchScreen.storyboard */ = {
			isa = PBXVariantGroup;
			children = (
				FE14AE1E21573E7D00A9E37E /* Base */,
			);
			name = LaunchScreen.storyboard;
			sourceTree = "<group>";
		};
/* End PBXVariantGroup section */

/* Begin XCBuildConfiguration section */
		FE14AE3921573E7E00A9E37E /* Debug */ = {
			isa = XCBuildConfiguration;
			buildSettings = {
				ALWAYS_SEARCH_USER_PATHS = NO;
				CLANG_ANALYZER_NONNULL = YES;
				CLANG_ANALYZER_NUMBER_OBJECT_CONVERSION = YES_AGGRESSIVE;
				CLANG_CXX_LANGUAGE_STANDARD = "gnu++14";
				CLANG_CXX_LIBRARY = "libc++";
				CLANG_ENABLE_MODULES = YES;
				CLANG_ENABLE_OBJC_ARC = YES;
				CLANG_ENABLE_OBJC_WEAK = YES;
				CLANG_WARN_BLOCK_CAPTURE_AUTORELEASING = YES;
				CLANG_WARN_BOOL_CONVERSION = YES;
				CLANG_WARN_COMMA = YES;
				CLANG_WARN_CONSTANT_CONVERSION = YES;
				CLANG_WARN_DEPRECATED_OBJC_IMPLEMENTATIONS = YES;
				CLANG_WARN_DIRECT_OBJC_ISA_USAGE = YES_ERROR;
				CLANG_WARN_DOCUMENTATION_COMMENTS = YES;
				CLANG_WARN_EMPTY_BODY = YES;
				CLANG_WARN_ENUM_CONVERSION = YES;
				CLANG_WARN_INFINITE_RECURSION = YES;
				CLANG_WARN_INT_CONVERSION = YES;
				CLANG_WARN_NON_LITERAL_NULL_CONVERSION = YES;
				CLANG_WARN_OBJC_IMPLICIT_RETAIN_SELF = YES;
				CLANG_WARN_OBJC_LITERAL_CONVERSION = YES;
				CLANG_WARN_OBJC_ROOT_CLASS = YES_ERROR;
				CLANG_WARN_RANGE_LOOP_ANALYSIS = YES;
				CLANG_WARN_STRICT_PROTOTYPES = YES;
				CLANG_WARN_SUSPICIOUS_MOVE = YES;
				CLANG_WARN_UNGUARDED_AVAILABILITY = YES_AGGRESSIVE;
				CLANG_WARN_UNREACHABLE_CODE = YES;
				CLANG_WARN__DUPLICATE_METHOD_MATCH = YES;
				CODE_SIGN_IDENTITY = "iPhone Developer";
				COPY_PHASE_STRIP = NO;
				DEBUG_INFORMATION_FORMAT = dwarf;
				ENABLE_STRICT_OBJC_MSGSEND = YES;
				ENABLE_TESTABILITY = YES;
				GCC_C_LANGUAGE_STANDARD = gnu11;
				GCC_DYNAMIC_NO_PIC = NO;
				GCC_NO_COMMON_BLOCKS = YES;
				GCC_OPTIMIZATION_LEVEL = 0;
				GCC_PREPROCESSOR_DEFINITIONS = (
					"DEBUG=1",
					"$(inherited)",
				);
				GCC_WARN_64_TO_32_BIT_CONVERSION = YES;
				GCC_WARN_ABOUT_RETURN_TYPE = YES_ERROR;
				GCC_WARN_UNDECLARED_SELECTOR = YES;
				GCC_WARN_UNINITIALIZED_AUTOS = YES_AGGRESSIVE;
				GCC_WARN_UNUSED_FUNCTION = YES;
				GCC_WARN_UNUSED_VARIABLE = YES;
				IPHONEOS_DEPLOYMENT_TARGET = 11.4;
				MTL_ENABLE_DEBUG_INFO = YES;
				ONLY_ACTIVE_ARCH = YES;
				SDKROOT = iphoneos;
			};
			name = Debug;
		};
		FE14AE3A21573E7E00A9E37E /* Release */ = {
			isa = XCBuildConfiguration;
			buildSettings = {
				ALWAYS_SEARCH_USER_PATHS = NO;
				CLANG_ANALYZER_NONNULL = YES;
				CLANG_ANALYZER_NUMBER_OBJECT_CONVERSION = YES_AGGRESSIVE;
				CLANG_CXX_LANGUAGE_STANDARD = "gnu++14";
				CLANG_CXX_LIBRARY = "libc++";
				CLANG_ENABLE_MODULES = YES;
				CLANG_ENABLE_OBJC_ARC = YES;
				CLANG_ENABLE_OBJC_WEAK = YES;
				CLANG_WARN_BLOCK_CAPTURE_AUTORELEASING = YES;
				CLANG_WARN_BOOL_CONVERSION = YES;
				CLANG_WARN_COMMA = YES;
				CLANG_WARN_CONSTANT_CONVERSION = YES;
				CLANG_WARN_DEPRECATED_OBJC_IMPLEMENTATIONS = YES;
				CLANG_WARN_DIRECT_OBJC_ISA_USAGE = YES_ERROR;
				CLANG_WARN_DOCUMENTATION_COMMENTS = YES;
				CLANG_WARN_EMPTY_BODY = YES;
				CLANG_WARN_ENUM_CONVERSION = YES;
				CLANG_WARN_INFINITE_RECURSION = YES;
				CLANG_WARN_INT_CONVERSION = YES;
				CLANG_WARN_NON_LITERAL_NULL_CONVERSION = YES;
				CLANG_WARN_OBJC_IMPLICIT_RETAIN_SELF = YES;
				CLANG_WARN_OBJC_LITERAL_CONVERSION = YES;
				CLANG_WARN_OBJC_ROOT_CLASS = YES_ERROR;
				CLANG_WARN_RANGE_LOOP_ANALYSIS = YES;
				CLANG_WARN_STRICT_PROTOTYPES = YES;
				CLANG_WARN_SUSPICIOUS_MOVE = YES;
				CLANG_WARN_UNGUARDED_AVAILABILITY = YES_AGGRESSIVE;
				CLANG_WARN_UNREACHABLE_CODE = YES;
				CLANG_WARN__DUPLICATE_METHOD_MATCH = YES;
				CODE_SIGN_IDENTITY = "iPhone Developer";
				COPY_PHASE_STRIP = NO;
				DEBUG_INFORMATION_FORMAT = "dwarf-with-dsym";
				ENABLE_NS_ASSERTIONS = NO;
				ENABLE_STRICT_OBJC_MSGSEND = YES;
				GCC_C_LANGUAGE_STANDARD = gnu11;
				GCC_NO_COMMON_BLOCKS = YES;
				GCC_WARN_64_TO_32_BIT_CONVERSION = YES;
				GCC_WARN_ABOUT_RETURN_TYPE = YES_ERROR;
				GCC_WARN_UNDECLARED_SELECTOR = YES;
				GCC_WARN_UNINITIALIZED_AUTOS = YES_AGGRESSIVE;
				GCC_WARN_UNUSED_FUNCTION = YES;
				GCC_WARN_UNUSED_VARIABLE = YES;
				IPHONEOS_DEPLOYMENT_TARGET = 11.4;
				MTL_ENABLE_DEBUG_INFO = NO;
				SDKROOT = iphoneos;
				VALIDATE_PRODUCT = YES;
			};
			name = Release;
		};
		FE14AE3C21573E7E00A9E37E /* Debug */ = {
			isa = XCBuildConfiguration;
			buildSettings = {
				ASSETCATALOG_COMPILER_APPICON_NAME = AppIcon;
				CODE_SIGN_STYLE = Automatic;
				INFOPLIST_FILE = "RunLoop源source操作/Info.plist";
				LD_RUNPATH_SEARCH_PATHS = (
					"$(inherited)",
					"@executable_path/Frameworks",
				);
				PRODUCT_BUNDLE_IDENTIFIER = "com.achu.-CoreAnmotion.RunLoop-source--";
				PRODUCT_NAME = "$(TARGET_NAME)";
				TARGETED_DEVICE_FAMILY = "1,2";
			};
			name = Debug;
		};
		FE14AE3D21573E7E00A9E37E /* Release */ = {
			isa = XCBuildConfiguration;
			buildSettings = {
				ASSETCATALOG_COMPILER_APPICON_NAME = AppIcon;
				CODE_SIGN_STYLE = Automatic;
				INFOPLIST_FILE = "RunLoop源source操作/Info.plist";
				LD_RUNPATH_SEARCH_PATHS = (
					"$(inherited)",
					"@executable_path/Frameworks",
				);
				PRODUCT_BUNDLE_IDENTIFIER = "com.achu.-CoreAnmotion.RunLoop-source--";
				PRODUCT_NAME = "$(TARGET_NAME)";
				TARGETED_DEVICE_FAMILY = "1,2";
			};
			name = Release;
		};
		FE14AE3F21573E7E00A9E37E /* Debug */ = {
			isa = XCBuildConfiguration;
			buildSettings = {
				BUNDLE_LOADER = "$(TEST_HOST)";
				CODE_SIGN_STYLE = Automatic;
				INFOPLIST_FILE = "RunLoop源source操作Tests/Info.plist";
				LD_RUNPATH_SEARCH_PATHS = (
					"$(inherited)",
					"@executable_path/Frameworks",
					"@loader_path/Frameworks",
				);
				PRODUCT_BUNDLE_IDENTIFIER = "com.achu.-CoreAnmotion.RunLoop-source--Tests";
				PRODUCT_NAME = "$(TARGET_NAME)";
				TARGETED_DEVICE_FAMILY = "1,2";
				TEST_HOST = "$(BUILT_PRODUCTS_DIR)/RunLoop源source操作.app/RunLoop源source操作";
			};
			name = Debug;
		};
		FE14AE4021573E7E00A9E37E /* Release */ = {
			isa = XCBuildConfiguration;
			buildSettings = {
				BUNDLE_LOADER = "$(TEST_HOST)";
				CODE_SIGN_STYLE = Automatic;
				INFOPLIST_FILE = "RunLoop源source操作Tests/Info.plist";
				LD_RUNPATH_SEARCH_PATHS = (
					"$(inherited)",
					"@executable_path/Frameworks",
					"@loader_path/Frameworks",
				);
				PRODUCT_BUNDLE_IDENTIFIER = "com.achu.-CoreAnmotion.RunLoop-source--Tests";
				PRODUCT_NAME = "$(TARGET_NAME)";
				TARGETED_DEVICE_FAMILY = "1,2";
				TEST_HOST = "$(BUILT_PRODUCTS_DIR)/RunLoop源source操作.app/RunLoop源source操作";
			};
			name = Release;
		};
		FE14AE4221573E7E00A9E37E /* Debug */ = {
			isa = XCBuildConfiguration;
			buildSettings = {
				CODE_SIGN_STYLE = Automatic;
				INFOPLIST_FILE = "RunLoop源source操作UITests/Info.plist";
				LD_RUNPATH_SEARCH_PATHS = (
					"$(inherited)",
					"@executable_path/Frameworks",
					"@loader_path/Frameworks",
				);
				PRODUCT_BUNDLE_IDENTIFIER = "com.achu.-CoreAnmotion.RunLoop-source--UITests";
				PRODUCT_NAME = "$(TARGET_NAME)";
				TARGETED_DEVICE_FAMILY = "1,2";
				TEST_TARGET_NAME = "RunLoop源source操作";
			};
			name = Debug;
		};
		FE14AE4321573E7E00A9E37E /* Release */ = {
			isa = XCBuildConfiguration;
			buildSettings = {
				CODE_SIGN_STYLE = Automatic;
				INFOPLIST_FILE = "RunLoop源source操作UITests/Info.plist";
				LD_RUNPATH_SEARCH_PATHS = (
					"$(inherited)",
					"@executable_path/Frameworks",
					"@loader_path/Frameworks",
				);
				PRODUCT_BUNDLE_IDENTIFIER = "com.achu.-CoreAnmotion.RunLoop-source--UITests";
				PRODUCT_NAME = "$(TARGET_NAME)";
				TARGETED_DEVICE_FAMILY = "1,2";
				TEST_TARGET_NAME = "RunLoop源source操作";
			};
			name = Release;
		};
/* End XCBuildConfiguration section */

/* Begin XCConfigurationList section */
		FE14AE0A21573E7B00A9E37E /* Build configuration list for PBXProject "RunLoop源source操作" */ = {
			isa = XCConfigurationList;
			buildConfigurations = (
				FE14AE3921573E7E00A9E37E /* Debug */,
				FE14AE3A21573E7E00A9E37E /* Release */,
			);
			defaultConfigurationIsVisible = 0;
			defaultConfigurationName = Release;
		};
		FE14AE3B21573E7E00A9E37E /* Build configuration list for PBXNativeTarget "RunLoop源source操作" */ = {
			isa = XCConfigurationList;
			buildConfigurations = (
				FE14AE3C21573E7E00A9E37E /* Debug */,
				FE14AE3D21573E7E00A9E37E /* Release */,
			);
			defaultConfigurationIsVisible = 0;
			defaultConfigurationName = Release;
		};
		FE14AE3E21573E7E00A9E37E /* Build configuration list for PBXNativeTarget "RunLoop源source操作Tests" */ = {
			isa = XCConfigurationList;
			buildConfigurations = (
				FE14AE3F21573E7E00A9E37E /* Debug */,
				FE14AE4021573E7E00A9E37E /* Release */,
			);
			defaultConfigurationIsVisible = 0;
			defaultConfigurationName = Release;
		};
		FE14AE4121573E7E00A9E37E /* Build configuration list for PBXNativeTarget "RunLoop源source操作UITests" */ = {
			isa = XCConfigurationList;
			buildConfigurations = (
				FE14AE4221573E7E00A9E37E /* Debug */,
				FE14AE4321573E7E00A9E37E /* Release */,
			);
			defaultConfigurationIsVisible = 0;
			defaultConfigurationName = Release;
		};
/* End XCConfigurationList section */
	};
	rootObject = FE14AE0721573E7B00A9E37E /* Project object */;
}
